# THIS IS AN AUTOGENERATED FILE. DO NOT EDIT THIS FILE DIRECTLY.
# yarn lockfile v1


flow-bin@^0.118.0:
  version "0.118.0"
  resolved "https://registry.yarnpkg.com/flow-bin/-/flow-bin-0.118.0.tgz#fb706364a58c682d67a2ca7df39396467dc397d1"
  integrity sha512-jlbUu0XkbpXeXhan5xyTqVK1jmEKNxE8hpzznI3TThHTr76GiFwK0iRzhDo4KNy+S9h/KxHaqVhTP86vA6wHCg==
